
Microsoft Visual Studio Solution File, Format Version 12.00
# Visual Studio Version 17
VisualStudioVersion = 17.9.34701.34
MinimumVisualStudioVersion = 10.0.40219.1
Project("{2150E333-8FDC-42A3-9474-1A3956D46DE8}") = "DogApi.Api", "DogApi.Api", "{FD5717F9-35C4-4307-BD6F-D385115760EE}"
EndProject
Project("{FAE04EC0-301F-11D3-BF4B-00C04F79EFBC}") = "DogApi.ApiRest", "DogApi.ApiRest\DogApi.ApiRest.csproj", "{CA227670-477D-48B3-829E-75132C17C328}"
EndProject
Project("{FAE04EC0-301F-11D3-BF4B-00C04F79EFBC}") = "DogApi.ApiRest.Tests", "DogApi.ApiRest.Tests\DogApi.ApiRest.Tests.csproj", "{CE1D7E8D-960A-401E-B40A-8D891642615B}"
EndProject
Global
	GlobalSection(SolutionConfigurationPlatforms) = preSolution
		Debug|Any CPU = Debug|Any CPU
		Release|Any CPU = Release|Any CPU
	EndGlobalSection
	GlobalSection(ProjectConfigurationPlatforms) = postSolution
		{CA227670-477D-48B3-829E-75132C17C328}.Debug|Any CPU.ActiveCfg = Debug|Any CPU
		{CA227670-477D-48B3-829E-75132C17C328}.Debug|Any CPU.Build.0 = Debug|Any CPU
		{CA227670-477D-48B3-829E-75132C17C328}.Release|Any CPU.ActiveCfg = Release|Any CPU
		{CA227670-477D-48B3-829E-75132C17C328}.Release|Any CPU.Build.0 = Release|Any CPU
		{CE1D7E8D-960A-401E-B40A-8D891642615B}.Debug|Any CPU.ActiveCfg = Debug|Any CPU
		{CE1D7E8D-960A-401E-B40A-8D891642615B}.Debug|Any CPU.Build.0 = Debug|Any CPU
		{CE1D7E8D-960A-401E-B40A-8D891642615B}.Release|Any CPU.ActiveCfg = Release|Any CPU
		{CE1D7E8D-960A-401E-B40A-8D891642615B}.Release|Any CPU.Build.0 = Release|Any CPU
	EndGlobalSection
	GlobalSection(SolutionProperties) = preSolution
		HideSolutionNode = FALSE
	EndGlobalSection
	GlobalSection(NestedProjects) = preSolution
		{CA227670-477D-48B3-829E-75132C17C328} = {FD5717F9-35C4-4307-BD6F-D385115760EE}
		{CE1D7E8D-960A-401E-B40A-8D891642615B} = {FD5717F9-35C4-4307-BD6F-D385115760EE}
	EndGlobalSection
	GlobalSection(ExtensibilityGlobals) = postSolution
		SolutionGuid = {56E929FB-414F-4983-888C-F595B3B8F179}
	EndGlobalSection
EndGlobal
